
Microsoft Visual Studio Solution File, Format Version 12.00
# Visual Studio Version 17
VisualStudioVersion = 17.1.32228.430
MinimumVisualStudioVersion = 10.0.40219.1
Project("{9A19103F-16F7-4668-BE54-9A1E7A4F7556}") = "RockPaperScissors", "RockPaperScissors\RockPaperScissors.csproj", "{60911992-6DF9-43B0-88A1-DDCEA4D61C00}"
EndProject
Project("{9A19103F-16F7-4668-BE54-9A1E7A4F7556}") = "RockPaperScissorsTests", "RockPaperScissorsTests\RockPaperScissorsTests.csproj", "{50DEE892-7DF7-4EB3-8AB2-DFD03C7905AB}"
EndProject
Project("{2150E333-8FDC-42A3-9474-1A3956D46DE8}") = "Solution Items", "Solution Items", "{C24CF7E5-E8AE-4D02-92AF-B3987B3F225D}"
	ProjectSection(SolutionItems) = preProject
		ReadMe.md = ReadMe.md
	EndProjectSection
EndProject
Global
	GlobalSection(SolutionConfigurationPlatforms) = preSolution
		Debug|Any CPU = Debug|Any CPU
		Release|Any CPU = Release|Any CPU
	EndGlobalSection
	GlobalSection(ProjectConfigurationPlatforms) = postSolution
		{60911992-6DF9-43B0-88A1-DDCEA4D61C00}.Debug|Any CPU.ActiveCfg = Debug|Any CPU
		{60911992-6DF9-43B0-88A1-DDCEA4D61C00}.Debug|Any CPU.Build.0 = Debug|Any CPU
		{60911992-6DF9-43B0-88A1-DDCEA4D61C00}.Release|Any CPU.ActiveCfg = Release|Any CPU
		{60911992-6DF9-43B0-88A1-DDCEA4D61C00}.Release|Any CPU.Build.0 = Release|Any CPU
		{50DEE892-7DF7-4EB3-8AB2-DFD03C7905AB}.Debug|Any CPU.ActiveCfg = Debug|Any CPU
		{50DEE892-7DF7-4EB3-8AB2-DFD03C7905AB}.Debug|Any CPU.Build.0 = Debug|Any CPU
		{50DEE892-7DF7-4EB3-8AB2-DFD03C7905AB}.Release|Any CPU.ActiveCfg = Release|Any CPU
		{50DEE892-7DF7-4EB3-8AB2-DFD03C7905AB}.Release|Any CPU.Build.0 = Release|Any CPU
	EndGlobalSection
	GlobalSection(SolutionProperties) = preSolution
		HideSolutionNode = FALSE
	EndGlobalSection
	GlobalSection(ExtensibilityGlobals) = postSolution
		SolutionGuid = {FA3E1108-7EDA-4889-83F1-6E7681DAE09A}
	EndGlobalSection
EndGlobal
